
Microsoft Visual Studio Solution File, Format Version 12.00
# Visual Studio Version 16
VisualStudioVersion = 16.0.31105.61
MinimumVisualStudioVersion = 10.0.40219.1
Project("{F2A71F9B-5D33-465A-A702-920D77279786}") = "EsempioFilterMapReduce", "EsempioFilterMapReduce\EsempioFilterMapReduce.fsproj", "{844DA50F-685B-451C-B7B4-63D7A359988A}"
EndProject
Global
	GlobalSection(SolutionConfigurationPlatforms) = preSolution
		Debug|Any CPU = Debug|Any CPU
		Release|Any CPU = Release|Any CPU
	EndGlobalSection
	GlobalSection(ProjectConfigurationPlatforms) = postSolution
		{844DA50F-685B-451C-B7B4-63D7A359988A}.Debug|Any CPU.ActiveCfg = Debug|Any CPU
		{844DA50F-685B-451C-B7B4-63D7A359988A}.Debug|Any CPU.Build.0 = Debug|Any CPU
		{844DA50F-685B-451C-B7B4-63D7A359988A}.Release|Any CPU.ActiveCfg = Release|Any CPU
		{844DA50F-685B-451C-B7B4-63D7A359988A}.Release|Any CPU.Build.0 = Release|Any CPU
	EndGlobalSection
	GlobalSection(SolutionProperties) = preSolution
		HideSolutionNode = FALSE
	EndGlobalSection
	GlobalSection(ExtensibilityGlobals) = postSolution
		SolutionGuid = {A35843B8-B173-4957-8018-AC18CF9A2AE7}
	EndGlobalSection
EndGlobal
